
Microsoft Visual Studio Solution File, Format Version 12.00
# Visual Studio Version 16
VisualStudioVersion = 16.0.30413.136
MinimumVisualStudioVersion = 10.0.40219.1
Project("{FAE04EC0-301F-11D3-BF4B-00C04F79EFBC}") = "QRCodeReader", "QRCodeReader\QRCodeReader.csproj", "{04C3C56F-04D5-4E32-B0E7-2AB8A1AAFD59}"
EndProject
Global
	GlobalSection(SolutionConfigurationPlatforms) = preSolution
		Debug|Any CPU = Debug|Any CPU
		Release|Any CPU = Release|Any CPU
	EndGlobalSection
	GlobalSection(ProjectConfigurationPlatforms) = postSolution
		{04C3C56F-04D5-4E32-B0E7-2AB8A1AAFD59}.Debug|Any CPU.ActiveCfg = Debug|Any CPU
		{04C3C56F-04D5-4E32-B0E7-2AB8A1AAFD59}.Debug|Any CPU.Build.0 = Debug|Any CPU
		{04C3C56F-04D5-4E32-B0E7-2AB8A1AAFD59}.Release|Any CPU.ActiveCfg = Release|Any CPU
		{04C3C56F-04D5-4E32-B0E7-2AB8A1AAFD59}.Release|Any CPU.Build.0 = Release|Any CPU
	EndGlobalSection
	GlobalSection(SolutionProperties) = preSolution
		HideSolutionNode = FALSE
	EndGlobalSection
	GlobalSection(ExtensibilityGlobals) = postSolution
		SolutionGuid = {3CB3185A-C53E-4E9C-ADA4-9F94E27B5060}
	EndGlobalSection
EndGlobal
